
Microsoft Visual Studio Solution File, Format Version 12.00
# Visual Studio Version 17
VisualStudioVersion = 17.6.33815.320
MinimumVisualStudioVersion = 10.0.40219.1
Project("{9A19103F-16F7-4668-BE54-9A1E7A4F7556}") = "RecipeWinsForms", "RecipeWinsForms\RecipeWinsForms.csproj", "{AE1F3E7B-06FB-4620-88B8-50ED91E50849}"
EndProject
Project("{9A19103F-16F7-4668-BE54-9A1E7A4F7556}") = "CPUFramework", "..\..\CPUFramework\CPUFramework.csproj", "{3BE5954A-C509-4051-9B0F-92CEF6B70703}"
EndProject
Project("{9A19103F-16F7-4668-BE54-9A1E7A4F7556}") = "CPUWindowsFormsFramework", "..\..\CPUWindowsFormsFramework\CPUWindowsFormsFramework.csproj", "{97A6402D-0963-4244-B6D6-554F96563AA8}"
EndProject
Global
	GlobalSection(SolutionConfigurationPlatforms) = preSolution
		Debug|Any CPU = Debug|Any CPU
		Release|Any CPU = Release|Any CPU
	EndGlobalSection
	GlobalSection(ProjectConfigurationPlatforms) = postSolution
		{AE1F3E7B-06FB-4620-88B8-50ED91E50849}.Debug|Any CPU.ActiveCfg = Debug|Any CPU
		{AE1F3E7B-06FB-4620-88B8-50ED91E50849}.Debug|Any CPU.Build.0 = Debug|Any CPU
		{AE1F3E7B-06FB-4620-88B8-50ED91E50849}.Release|Any CPU.ActiveCfg = Release|Any CPU
		{AE1F3E7B-06FB-4620-88B8-50ED91E50849}.Release|Any CPU.Build.0 = Release|Any CPU
		{3BE5954A-C509-4051-9B0F-92CEF6B70703}.Debug|Any CPU.ActiveCfg = Debug|Any CPU
		{3BE5954A-C509-4051-9B0F-92CEF6B70703}.Debug|Any CPU.Build.0 = Debug|Any CPU
		{3BE5954A-C509-4051-9B0F-92CEF6B70703}.Release|Any CPU.ActiveCfg = Release|Any CPU
		{3BE5954A-C509-4051-9B0F-92CEF6B70703}.Release|Any CPU.Build.0 = Release|Any CPU
		{97A6402D-0963-4244-B6D6-554F96563AA8}.Debug|Any CPU.ActiveCfg = Debug|Any CPU
		{97A6402D-0963-4244-B6D6-554F96563AA8}.Debug|Any CPU.Build.0 = Debug|Any CPU
		{97A6402D-0963-4244-B6D6-554F96563AA8}.Release|Any CPU.ActiveCfg = Release|Any CPU
		{97A6402D-0963-4244-B6D6-554F96563AA8}.Release|Any CPU.Build.0 = Release|Any CPU
	EndGlobalSection
	GlobalSection(SolutionProperties) = preSolution
		HideSolutionNode = FALSE
	EndGlobalSection
	GlobalSection(ExtensibilityGlobals) = postSolution
		SolutionGuid = {62531543-3FED-44D2-A2D2-41CEBF219142}
	EndGlobalSection
EndGlobal
